// !$*UTF8*$!
{
	archiveVersion = 1;
	classes = {
	};
	objectVersion = 48;
	objects = {

/* Begin PBXBuildFile section */
		2D6E08961F908DC100A1AEF0 /* ConversionViewController.swift in Sources */ = {isa = PBXBuildFile; fileRef = 2D6E08951F908DC100A1AEF0 /* ConversionViewController.swift */; };
		2D93D8471F9262910033211D /* MapKit.framework in Frameworks */ = {isa = PBXBuildFile; fileRef = 2D93D8461F9262910033211D /* MapKit.framework */; };
		2D93D8491F926F280033211D /* MapViewController.swift in Sources */ = {isa = PBXBuildFile; fileRef = 2D93D8481F926F280033211D /* MapViewController.swift */; };
		2DDCFD701F905CC30033D72B /* AppDelegate.swift in Sources */ = {isa = PBXBuildFile; fileRef = 2DDCFD6F1F905CC30033D72B /* AppDelegate.swift */; };
		2DDCFD751F905CC30033D72B /* Main.storyboard in Resources */ = {isa = PBXBuildFile; fileRef = 2DDCFD731F905CC30033D72B /* Main.storyboard */; };
		2DDCFD771F905CC30033D72B /* Assets.xcassets in Resources */ = {isa = PBXBuildFile; fileRef = 2DDCFD761F905CC30033D72B /* Assets.xcassets */; };
		2DDCFD7A1F905CC30033D72B /* LaunchScreen.storyboard in Resources */ = {isa = PBXBuildFile; fileRef = 2DDCFD781F905CC30033D72B /* LaunchScreen.storyboard */; };
		2DDCFD851F905CC30033D72B /* WorldTrotterTests.swift in Sources */ = {isa = PBXBuildFile; fileRef = 2DDCFD841F905CC30033D72B /* WorldTrotterTests.swift */; };
		2DDCFD901F905CC30033D72B /* WorldTrotterUITests.swift in Sources */ = {isa = PBXBuildFile; fileRef = 2DDCFD8F1F905CC30033D72B /* WorldTrotterUITests.swift */; };
/* End PBXBuildFile section */

/* Begin PBXContainerItemProxy section */
		2DDCFD811F905CC30033D72B /* PBXContainerItemProxy */ = {
			isa = PBXContainerItemProxy;
			containerPortal = 2DDCFD641F905CC30033D72B /* Project object */;
			proxyType = 1;
			remoteGlobalIDString = 2DDCFD6B1F905CC30033D72B;
			remoteInfo = WorldTrotter;
		};
		2DDCFD8C1F905CC30033D72B /* PBXContainerItemProxy */ = {
			isa = PBXContainerItemProxy;
			containerPortal = 2DDCFD641F905CC30033D72B /* Project object */;
			proxyType = 1;
			remoteGlobalIDString = 2DDCFD6B1F905CC30033D72B;
			remoteInfo = WorldTrotter;
		};
/* End PBXContainerItemProxy section */

/* Begin PBXFileReference section */
		2D2410701F9598A1009FE5E1 /* en */ = {isa = PBXFileReference; lastKnownFileType = text.plist.strings; name = en; path = en.lproj/Main.strings; sourceTree = "<group>"; };
		2D2410711F959CFF009FE5E1 /* es */ = {isa = PBXFileReference; lastKnownFileType = text.plist.strings; name = es; path = es.lproj/Main.strings; sourceTree = "<group>"; };
		2D6E08951F908DC100A1AEF0 /* ConversionViewController.swift */ = {isa = PBXFileReference; lastKnownFileType = sourcecode.swift; path = ConversionViewController.swift; sourceTree = "<group>"; };
		2D93D8461F9262910033211D /* MapKit.framework */ = {isa = PBXFileReference; lastKnownFileType = wrapper.framework; name = MapKit.framework; path = System/Library/Frameworks/MapKit.framework; sourceTree = SDKROOT; };
		2D93D8481F926F280033211D /* MapViewController.swift */ = {isa = PBXFileReference; lastKnownFileType = sourcecode.swift; path = MapViewController.swift; sourceTree = "<group>"; };
		2DDCFD6C1F905CC30033D72B /* WorldTrotter.app */ = {isa = PBXFileReference; explicitFileType = wrapper.application; includeInIndex = 0; path = WorldTrotter.app; sourceTree = BUILT_PRODUCTS_DIR; };
		2DDCFD6F1F905CC30033D72B /* AppDelegate.swift */ = {isa = PBXFileReference; lastKnownFileType = sourcecode.swift; path = AppDelegate.swift; sourceTree = "<group>"; };
		2DDCFD741F905CC30033D72B /* Base */ = {isa = PBXFileReference; lastKnownFileType = file.storyboard; name = Base; path = Base.lproj/Main.storyboard; sourceTree = "<group>"; };
		2DDCFD761F905CC30033D72B /* Assets.xcassets */ = {isa = PBXFileReference; lastKnownFileType = folder.assetcatalog; path = Assets.xcassets; sourceTree = "<group>"; };
		2DDCFD791F905CC30033D72B /* Base */ = {isa = PBXFileReference; lastKnownFileType = file.storyboard; name = Base; path = Base.lproj/LaunchScreen.storyboard; sourceTree = "<group>"; };
		2DDCFD7B1F905CC30033D72B /* Info.plist */ = {isa = PBXFileReference; lastKnownFileType = text.plist.xml; path = Info.plist; sourceTree = "<group>"; };
		2DDCFD801F905CC30033D72B /* WorldTrotterTests.xctest */ = {isa = PBXFileReference; explicitFileType = wrapper.cfbundle; includeInIndex = 0; path = WorldTrotterTests.xctest; sourceTree = BUILT_PRODUCTS_DIR; };
		2DDCFD841F905CC30033D72B /* WorldTrotterTests.swift */ = {isa = PBXFileReference; lastKnownFileType = sourcecode.swift; path = WorldTrotterTests.swift; sourceTree = "<group>"; };
		2DDCFD861F905CC30033D72B /* Info.plist */ = {isa = PBXFileReference; lastKnownFileType = text.plist.xml; path = Info.plist; sourceTree = "<group>"; };
		2DDCFD8B1F905CC30033D72B /* WorldTrotterUITests.xctest */ = {isa = PBXFileReference; explicitFileType = wrapper.cfbundle; includeInIndex = 0; path = WorldTrotterUITests.xctest; sourceTree = BUILT_PRODUCTS_DIR; };
		2DDCFD8F1F905CC30033D72B /* WorldTrotterUITests.swift */ = {isa = PBXFileReference; lastKnownFileType = sourcecode.swift; path = WorldTrotterUITests.swift; sourceTree = "<group>"; };
		2DDCFD911F905CC30033D72B /* Info.plist */ = {isa = PBXFileReference; lastKnownFileType = text.plist.xml; path = Info.plist; sourceTree = "<group>"; };
/* End PBXFileReference section */

/* Begin PBXFrameworksBuildPhase section */
		2DDCFD691F905CC30033D72B /* Frameworks */ = {
			isa = PBXFrameworksBuildPhase;
			buildActionMask = 2147483647;
			files = (
				2D93D8471F9262910033211D /* MapKit.framework in Frameworks */,
			);
			runOnlyForDeploymentPostprocessing = 0;
		};
		2DDCFD7D1F905CC30033D72B /* Frameworks */ = {
			isa = PBXFrameworksBuildPhase;
			buildActionMask = 2147483647;
			files = (
			);
			runOnlyForDeploymentPostprocessing = 0;
		};
		2DDCFD881F905CC30033D72B /* Frameworks */ = {
			isa = PBXFrameworksBuildPhase;
			buildActionMask = 2147483647;
			files = (
			);
			runOnlyForDeploymentPostprocessing = 0;
		};
/* End PBXFrameworksBuildPhase section */

/* Begin PBXGroup section */
		2D93D8451F9262910033211D /* Frameworks */ = {
			isa = PBXGroup;
			children = (
				2D93D8461F9262910033211D /* MapKit.framework */,
			);
			name = Frameworks;
			sourceTree = "<group>";
		};
		2DDCFD631F905CC30033D72B = {
			isa = PBXGroup;
			children = (
				2DDCFD6E1F905CC30033D72B /* WorldTrotter */,
				2DDCFD831F905CC30033D72B /* WorldTrotterTests */,
				2DDCFD8E1F905CC30033D72B /* WorldTrotterUITests */,
				2DDCFD6D1F905CC30033D72B /* Products */,
				2D93D8451F9262910033211D /* Frameworks */,
			);
			sourceTree = "<group>";
		};
		2DDCFD6D1F905CC30033D72B /* Products */ = {
			isa = PBXGroup;
			children = (
				2DDCFD6C1F905CC30033D72B /* WorldTrotter.app */,
				2DDCFD801F905CC30033D72B /* WorldTrotterTests.xctest */,
				2DDCFD8B1F905CC30033D72B /* WorldTrotterUITests.xctest */,
			);
			name = Products;
			sourceTree = "<group>";
		};
		2DDCFD6E1F905CC30033D72B /* WorldTrotter */ = {
			isa = PBXGroup;
			children = (
				2DDCFD6F1F905CC30033D72B /* AppDelegate.swift */,
				2D6E08951F908DC100A1AEF0 /* ConversionViewController.swift */,
				2D93D8481F926F280033211D /* MapViewController.swift */,
				2DDCFD731F905CC30033D72B /* Main.storyboard */,
				2DDCFD761F905CC30033D72B /* Assets.xcassets */,
				2DDCFD781F905CC30033D72B /* LaunchScreen.storyboard */,
				2DDCFD7B1F905CC30033D72B /* Info.plist */,
			);
			path = WorldTrotter;
			sourceTree = "<group>";
		};
		2DDCFD831F905CC30033D72B /* WorldTrotterTests */ = {
			isa = PBXGroup;
			children = (
				2DDCFD841F905CC30033D72B /* WorldTrotterTests.swift */,
				2DDCFD861F905CC30033D72B /* Info.plist */,
			);
			path = WorldTrotterTests;
			sourceTree = "<group>";
		};
		2DDCFD8E1F905CC30033D72B /* WorldTrotterUITests */ = {
			isa = PBXGroup;
			children = (
				2DDCFD8F1F905CC30033D72B /* WorldTrotterUITests.swift */,
				2DDCFD911F905CC30033D72B /* Info.plist */,
			);
			path = WorldTrotterUITests;
			sourceTree = "<group>";
		};
/* End PBXGroup section */

/* Begin PBXNativeTarget section */
		2DDCFD6B1F905CC30033D72B /* WorldTrotter */ = {
			isa = PBXNativeTarget;
			buildConfigurationList = 2DDCFD941F905CC30033D72B /* Build configuration list for PBXNativeTarget "WorldTrotter" */;
			buildPhases = (
				2DDCFD681F905CC30033D72B /* Sources */,
				2DDCFD691F905CC30033D72B /* Frameworks */,
				2DDCFD6A1F905CC30033D72B /* Resources */,
			);
			buildRules = (
			);
			dependencies = (
			);
			name = WorldTrotter;
			productName = WorldTrotter;
			productReference = 2DDCFD6C1F905CC30033D72B /* WorldTrotter.app */;
			productType = "com.apple.product-type.application";
		};
		2DDCFD7F1F905CC30033D72B /* WorldTrotterTests */ = {
			isa = PBXNativeTarget;
			buildConfigurationList = 2DDCFD971F905CC30033D72B /* Build configuration list for PBXNativeTarget "WorldTrotterTests" */;
			buildPhases = (
				2DDCFD7C1F905CC30033D72B /* Sources */,
				2DDCFD7D1F905CC30033D72B /* Frameworks */,
				2DDCFD7E1F905CC30033D72B /* Resources */,
			);
			buildRules = (
			);
			dependencies = (
				2DDCFD821F905CC30033D72B /* PBXTargetDependency */,
			);
			name = WorldTrotterTests;
			productName = WorldTrotterTests;
			productReference = 2DDCFD801F905CC30033D72B /* WorldTrotterTests.xctest */;
			productType = "com.apple.product-type.bundle.unit-test";
		};
		2DDCFD8A1F905CC30033D72B /* WorldTrotterUITests */ = {
			isa = PBXNativeTarget;
			buildConfigurationList = 2DDCFD9A1F905CC30033D72B /* Build configuration list for PBXNativeTarget "WorldTrotterUITests" */;
			buildPhases = (
				2DDCFD871F905CC30033D72B /* Sources */,
				2DDCFD881F905CC30033D72B /* Frameworks */,
				2DDCFD891F905CC30033D72B /* Resources */,
			);
			buildRules = (
			);
			dependencies = (
				2DDCFD8D1F905CC30033D72B /* PBXTargetDependency */,
			);
			name = WorldTrotterUITests;
			productName = WorldTrotterUITests;
			productReference = 2DDCFD8B1F905CC30033D72B /* WorldTrotterUITests.xctest */;
			productType = "com.apple.product-type.bundle.ui-testing";
		};
/* End PBXNativeTarget section */

/* Begin PBXProject section */
		2DDCFD641F905CC30033D72B /* Project object */ = {
			isa = PBXProject;
			attributes = {
				LastSwiftUpdateCheck = 0900;
				LastUpgradeCheck = 0900;
				ORGANIZATIONNAME = "杨佩璋";
				TargetAttributes = {
					2DDCFD6B1F905CC30033D72B = {
						CreatedOnToolsVersion = 9.0;
						ProvisioningStyle = Automatic;
					};
					2DDCFD7F1F905CC30033D72B = {
						CreatedOnToolsVersion = 9.0;
						ProvisioningStyle = Automatic;
						TestTargetID = 2DDCFD6B1F905CC30033D72B;
					};
					2DDCFD8A1F905CC30033D72B = {
						CreatedOnToolsVersion = 9.0;
						ProvisioningStyle = Automatic;
						TestTargetID = 2DDCFD6B1F905CC30033D72B;
					};
				};
			};
			buildConfigurationList = 2DDCFD671F905CC30033D72B /* Build configuration list for PBXProject "WorldTrotter" */;
			compatibilityVersion = "Xcode 8.0";
			developmentRegion = en;
			hasScannedForEncodings = 0;
			knownRegions = (
				en,
				Base,
			);
			mainGroup = 2DDCFD631F905CC30033D72B;
			productRefGroup = 2DDCFD6D1F905CC30033D72B /* Products */;
			projectDirPath = "";
			projectRoot = "";
			targets = (
				2DDCFD6B1F905CC30033D72B /* WorldTrotter */,
				2DDCFD7F1F905CC30033D72B /* WorldTrotterTests */,
				2DDCFD8A1F905CC30033D72B /* WorldTrotterUITests */,
			);
		};
/* End PBXProject section */

/* Begin PBXResourcesBuildPhase section */
		2DDCFD6A1F905CC30033D72B /* Resources */ = {
			isa = PBXResourcesBuildPhase;
			buildActionMask = 2147483647;
			files = (
				2DDCFD7A1F905CC30033D72B /* LaunchScreen.storyboard in Resources */,
				2DDCFD771F905CC30033D72B /* Assets.xcassets in Resources */,
				2DDCFD751F905CC30033D72B /* Main.storyboard in Resources */,
			);
			runOnlyForDeploymentPostprocessing = 0;
		};
		2DDCFD7E1F905CC30033D72B /* Resources */ = {
			isa = PBXResourcesBuildPhase;
			buildActionMask = 2147483647;
			files = (
			);
			runOnlyForDeploymentPostprocessing = 0;
		};
		2DDCFD891F905CC30033D72B /* Resources */ = {
			isa = PBXResourcesBuildPhase;
			buildActionMask = 2147483647;
			files = (
			);
			runOnlyForDeploymentPostprocessing = 0;
		};
/* End PBXResourcesBuildPhase section */

/* Begin PBXSourcesBuildPhase section */
		2DDCFD681F905CC30033D72B /* Sources */ = {
			isa = PBXSourcesBuildPhase;
			buildActionMask = 2147483647;
			files = (
				2D6E08961F908DC100A1AEF0 /* ConversionViewController.swift in Sources */,
				2D93D8491F926F280033211D /* MapViewController.swift in Sources */,
				2DDCFD701F905CC30033D72B /* AppDelegate.swift in Sources */,
			);
			runOnlyForDeploymentPostprocessing = 0;
		};
		2DDCFD7C1F905CC30033D72B /* Sources */ = {
			isa = PBXSourcesBuildPhase;
			buildActionMask = 2147483647;
			files = (
				2DDCFD851F905CC30033D72B /* WorldTrotterTests.swift in Sources */,
			);
			runOnlyForDeploymentPostprocessing = 0;
		};
		2DDCFD871F905CC30033D72B /* Sources */ = {
			isa = PBXSourcesBuildPhase;
			buildActionMask = 2147483647;
			files = (
				2DDCFD901F905CC30033D72B /* WorldTrotterUITests.swift in Sources */,
			);
			runOnlyForDeploymentPostprocessing = 0;
		};
/* End PBXSourcesBuildPhase section */

/* Begin PBXTargetDependency section */
		2DDCFD821F905CC30033D72B /* PBXTargetDependency */ = {
			isa = PBXTargetDependency;
			target = 2DDCFD6B1F905CC30033D72B /* WorldTrotter */;
			targetProxy = 2DDCFD811F905CC30033D72B /* PBXContainerItemProxy */;
		};
		2DDCFD8D1F905CC30033D72B /* PBXTargetDependency */ = {
			isa = PBXTargetDependency;
			target = 2DDCFD6B1F905CC30033D72B /* WorldTrotter */;
			targetProxy = 2DDCFD8C1F905CC30033D72B /* PBXContainerItemProxy */;
		};
/* End PBXTargetDependency section */

/* Begin PBXVariantGroup section */
		2DDCFD731F905CC30033D72B /* Main.storyboard */ = {
			isa = PBXVariantGroup;
			children = (
				2DDCFD741F905CC30033D72B /* Base */,
				2D2410701F9598A1009FE5E1 /* en */,
				2D2410711F959CFF009FE5E1 /* es */,
			);
			name = Main.storyboard;
			sourceTree = "<group>";
		};
		2DDCFD781F905CC30033D72B /* LaunchScreen.storyboard */ = {
			isa = PBXVariantGroup;
			children = (
				2DDCFD791F905CC30033D72B /* Base */,
			);
			name = LaunchScreen.storyboard;
			sourceTree = "<group>";
		};
/* End PBXVariantGroup section */

/* Begin XCBuildConfiguration section */
		2DDCFD921F905CC30033D72B /* Debug */ = {
			isa = XCBuildConfiguration;
			buildSettings = {
				ALWAYS_SEARCH_USER_PATHS = NO;
				CLANG_ANALYZER_LOCALIZABILITY_NONLOCALIZED = YES;
				CLANG_ANALYZER_NONNULL = YES;
				CLANG_ANALYZER_NUMBER_OBJECT_CONVERSION = YES_AGGRESSIVE;
				CLANG_CXX_LANGUAGE_STANDARD = "gnu++14";
				CLANG_CXX_LIBRARY = "libc++";
				CLANG_ENABLE_MODULES = YES;
				CLANG_ENABLE_OBJC_ARC = YES;
				CLANG_WARN_BLOCK_CAPTURE_AUTORELEASING = YES;
				CLANG_WARN_BOOL_CONVERSION = YES;
				CLANG_WARN_COMMA = YES;
				CLANG_WARN_CONSTANT_CONVERSION = YES;
				CLANG_WARN_DIRECT_OBJC_ISA_USAGE = YES_ERROR;
				CLANG_WARN_DOCUMENTATION_COMMENTS = YES;
				CLANG_WARN_EMPTY_BODY = YES;
				CLANG_WARN_ENUM_CONVERSION = YES;
				CLANG_WARN_INFINITE_RECURSION = YES;
				CLANG_WARN_INT_CONVERSION = YES;
				CLANG_WARN_NON_LITERAL_NULL_CONVERSION = YES;
				CLANG_WARN_OBJC_LITERAL_CONVERSION = YES;
				CLANG_WARN_OBJC_ROOT_CLASS = YES_ERROR;
				CLANG_WARN_RANGE_LOOP_ANALYSIS = YES;
				CLANG_WARN_STRICT_PROTOTYPES = YES;
				CLANG_WARN_SUSPICIOUS_MOVE = YES;
				CLANG_WARN_UNGUARDED_AVAILABILITY = YES_AGGRESSIVE;
				CLANG_WARN_UNREACHABLE_CODE = YES;
				CLANG_WARN__DUPLICATE_METHOD_MATCH = YES;
				CODE_SIGN_IDENTITY = "iPhone Developer";
				COPY_PHASE_STRIP = NO;
				DEBUG_INFORMATION_FORMAT = dwarf;
				ENABLE_STRICT_OBJC_MSGSEND = YES;
				ENABLE_TESTABILITY = YES;
				GCC_C_LANGUAGE_STANDARD = gnu11;
				GCC_DYNAMIC_NO_PIC = NO;
				GCC_NO_COMMON_BLOCKS = YES;
				GCC_OPTIMIZATION_LEVEL = 0;
				GCC_PREPROCESSOR_DEFINITIONS = (
					"DEBUG=1",
					"$(inherited)",
				);
				GCC_WARN_64_TO_32_BIT_CONVERSION = YES;
				GCC_WARN_ABOUT_RETURN_TYPE = YES_ERROR;
				GCC_WARN_UNDECLARED_SELECTOR = YES;
				GCC_WARN_UNINITIALIZED_AUTOS = YES_AGGRESSIVE;
				GCC_WARN_UNUSED_FUNCTION = YES;
				GCC_WARN_UNUSED_VARIABLE = YES;
				IPHONEOS_DEPLOYMENT_TARGET = 11.0;
				MTL_ENABLE_DEBUG_INFO = YES;
				ONLY_ACTIVE_ARCH = YES;
				SDKROOT = iphoneos;
				SWIFT_ACTIVE_COMPILATION_CONDITIONS = DEBUG;
				SWIFT_OPTIMIZATION_LEVEL = "-Onone";
			};
			name = Debug;
		};
		2DDCFD931F905CC30033D72B /* Release */ = {
			isa = XCBuildConfiguration;
			buildSettings = {
				ALWAYS_SEARCH_USER_PATHS = NO;
				CLANG_ANALYZER_LOCALIZABILITY_NONLOCALIZED = YES;
				CLANG_ANALYZER_NONNULL = YES;
				CLANG_ANALYZER_NUMBER_OBJECT_CONVERSION = YES_AGGRESSIVE;
				CLANG_CXX_LANGUAGE_STANDARD = "gnu++14";
				CLANG_CXX_LIBRARY = "libc++";
				CLANG_ENABLE_MODULES = YES;
				CLANG_ENABLE_OBJC_ARC = YES;
				CLANG_WARN_BLOCK_CAPTURE_AUTORELEASING = YES;
				CLANG_WARN_BOOL_CONVERSION = YES;
				CLANG_WARN_COMMA = YES;
				CLANG_WARN_CONSTANT_CONVERSION = YES;
				CLANG_WARN_DIRECT_OBJC_ISA_USAGE = YES_ERROR;
				CLANG_WARN_DOCUMENTATION_COMMENTS = YES;
				CLANG_WARN_EMPTY_BODY = YES;
				CLANG_WARN_ENUM_CONVERSION = YES;
				CLANG_WARN_INFINITE_RECURSION = YES;
				CLANG_WARN_INT_CONVERSION = YES;
				CLANG_WARN_NON_LITERAL_NULL_CONVERSION = YES;
				CLANG_WARN_OBJC_LITERAL_CONVERSION = YES;
				CLANG_WARN_OBJC_ROOT_CLASS = YES_ERROR;
				CLANG_WARN_RANGE_LOOP_ANALYSIS = YES;
				CLANG_WARN_STRICT_PROTOTYPES = YES;
				CLANG_WARN_SUSPICIOUS_MOVE = YES;
				CLANG_WARN_UNGUARDED_AVAILABILITY = YES_AGGRESSIVE;
				CLANG_WARN_UNREACHABLE_CODE = YES;
				CLANG_WARN__DUPLICATE_METHOD_MATCH = YES;
				CODE_SIGN_IDENTITY = "iPhone Developer";
				COPY_PHASE_STRIP = NO;
				DEBUG_INFORMATION_FORMAT = "dwarf-with-dsym";
				ENABLE_NS_ASSERTIONS = NO;
				ENABLE_STRICT_OBJC_MSGSEND = YES;
				GCC_C_LANGUAGE_STANDARD = gnu11;
				GCC_NO_COMMON_BLOCKS = YES;
				GCC_WARN_64_TO_32_BIT_CONVERSION = YES;
				GCC_WARN_ABOUT_RETURN_TYPE = YES_ERROR;
				GCC_WARN_UNDECLARED_SELECTOR = YES;
				GCC_WARN_UNINITIALIZED_AUTOS = YES_AGGRESSIVE;
				GCC_WARN_UNUSED_FUNCTION = YES;
				GCC_WARN_UNUSED_VARIABLE = YES;
				IPHONEOS_DEPLOYMENT_TARGET = 11.0;
				MTL_ENABLE_DEBUG_INFO = NO;
				SDKROOT = iphoneos;
				SWIFT_OPTIMIZATION_LEVEL = "-Owholemodule";
				VALIDATE_PRODUCT = YES;
			};
			name = Release;
		};
		2DDCFD951F905CC30033D72B /* Debug */ = {
			isa = XCBuildConfiguration;
			buildSettings = {
				ASSETCATALOG_COMPILER_APPICON_NAME = AppIcon;
				CODE_SIGN_STYLE = Automatic;
				INFOPLIST_FILE = WorldTrotter/Info.plist;
				LD_RUNPATH_SEARCH_PATHS = "$(inherited) @executable_path/Frameworks";
				PRODUCT_BUNDLE_IDENTIFIER = peizhang.WorldTrotter;
				PRODUCT_NAME = "$(TARGET_NAME)";
				SWIFT_VERSION = 4.0;
				TARGETED_DEVICE_FAMILY = "1,2";
			};
			name = Debug;
		};
		2DDCFD961F905CC30033D72B /* Release */ = {
			isa = XCBuildConfiguration;
			buildSettings = {
				ASSETCATALOG_COMPILER_APPICON_NAME = AppIcon;
				CODE_SIGN_STYLE = Automatic;
				INFOPLIST_FILE = WorldTrotter/Info.plist;
				LD_RUNPATH_SEARCH_PATHS = "$(inherited) @executable_path/Frameworks";
				PRODUCT_BUNDLE_IDENTIFIER = peizhang.WorldTrotter;
				PRODUCT_NAME = "$(TARGET_NAME)";
				SWIFT_VERSION = 4.0;
				TARGETED_DEVICE_FAMILY = "1,2";
			};
			name = Release;
		};
		2DDCFD981F905CC30033D72B /* Debug */ = {
			isa = XCBuildConfiguration;
			buildSettings = {
				ALWAYS_EMBED_SWIFT_STANDARD_LIBRARIES = YES;
				BUNDLE_LOADER = "$(TEST_HOST)";
				CODE_SIGN_STYLE = Automatic;
				INFOPLIST_FILE = WorldTrotterTests/Info.plist;
				LD_RUNPATH_SEARCH_PATHS = "$(inherited) @executable_path/Frameworks @loader_path/Frameworks";
				PRODUCT_BUNDLE_IDENTIFIER = peizhang.WorldTrotterTests;
				PRODUCT_NAME = "$(TARGET_NAME)";
				SWIFT_VERSION = 4.0;
				TARGETED_DEVICE_FAMILY = "1,2";
				TEST_HOST = "$(BUILT_PRODUCTS_DIR)/WorldTrotter.app/WorldTrotter";
			};
			name = Debug;
		};
		2DDCFD991F905CC30033D72B /* Release */ = {
			isa = XCBuildConfiguration;
			buildSettings = {
				ALWAYS_EMBED_SWIFT_STANDARD_LIBRARIES = YES;
				BUNDLE_LOADER = "$(TEST_HOST)";
				CODE_SIGN_STYLE = Automatic;
				INFOPLIST_FILE = WorldTrotterTests/Info.plist;
				LD_RUNPATH_SEARCH_PATHS = "$(inherited) @executable_path/Frameworks @loader_path/Frameworks";
				PRODUCT_BUNDLE_IDENTIFIER = peizhang.WorldTrotterTests;
				PRODUCT_NAME = "$(TARGET_NAME)";
				SWIFT_VERSION = 4.0;
				TARGETED_DEVICE_FAMILY = "1,2";
				TEST_HOST = "$(BUILT_PRODUCTS_DIR)/WorldTrotter.app/WorldTrotter";
			};
			name = Release;
		};
		2DDCFD9B1F905CC30033D72B /* Debug */ = {
			isa = XCBuildConfiguration;
			buildSettings = {
				ALWAYS_EMBED_SWIFT_STANDARD_LIBRARIES = YES;
				CODE_SIGN_STYLE = Automatic;
				INFOPLIST_FILE = WorldTrotterUITests/Info.plist;
				LD_RUNPATH_SEARCH_PATHS = "$(inherited) @executable_path/Frameworks @loader_path/Frameworks";
				PRODUCT_BUNDLE_IDENTIFIER = peizhang.WorldTrotterUITests;
				PRODUCT_NAME = "$(TARGET_NAME)";
				SWIFT_VERSION = 4.0;
				TARGETED_DEVICE_FAMILY = "1,2";
				TEST_TARGET_NAME = WorldTrotter;
			};
			name = Debug;
		};
		2DDCFD9C1F905CC30033D72B /* Release */ = {
			isa = XCBuildConfiguration;
			buildSettings = {
				ALWAYS_EMBED_SWIFT_STANDARD_LIBRARIES = YES;
				CODE_SIGN_STYLE = Automatic;
				INFOPLIST_FILE = WorldTrotterUITests/Info.plist;
				LD_RUNPATH_SEARCH_PATHS = "$(inherited) @executable_path/Frameworks @loader_path/Frameworks";
				PRODUCT_BUNDLE_IDENTIFIER = peizhang.WorldTrotterUITests;
				PRODUCT_NAME = "$(TARGET_NAME)";
				SWIFT_VERSION = 4.0;
				TARGETED_DEVICE_FAMILY = "1,2";
				TEST_TARGET_NAME = WorldTrotter;
			};
			name = Release;
		};
/* End XCBuildConfiguration section */

/* Begin XCConfigurationList section */
		2DDCFD671F905CC30033D72B /* Build configuration list for PBXProject "WorldTrotter" */ = {
			isa = XCConfigurationList;
			buildConfigurations = (
				2DDCFD921F905CC30033D72B /* Debug */,
				2DDCFD931F905CC30033D72B /* Release */,
			);
			defaultConfigurationIsVisible = 0;
			defaultConfigurationName = Release;
		};
		2DDCFD941F905CC30033D72B /* Build configuration list for PBXNativeTarget "WorldTrotter" */ = {
			isa = XCConfigurationList;
			buildConfigurations = (
				2DDCFD951F905CC30033D72B /* Debug */,
				2DDCFD961F905CC30033D72B /* Release */,
			);
			defaultConfigurationIsVisible = 0;
			defaultConfigurationName = Release;
		};
		2DDCFD971F905CC30033D72B /* Build configuration list for PBXNativeTarget "WorldTrotterTests" */ = {
			isa = XCConfigurationList;
			buildConfigurations = (
				2DDCFD981F905CC30033D72B /* Debug */,
				2DDCFD991F905CC30033D72B /* Release */,
			);
			defaultConfigurationIsVisible = 0;
			defaultConfigurationName = Release;
		};
		2DDCFD9A1F905CC30033D72B /* Build configuration list for PBXNativeTarget "WorldTrotterUITests" */ = {
			isa = XCConfigurationList;
			buildConfigurations = (
				2DDCFD9B1F905CC30033D72B /* Debug */,
				2DDCFD9C1F905CC30033D72B /* Release */,
			);
			defaultConfigurationIsVisible = 0;
			defaultConfigurationName = Release;
		};
/* End XCConfigurationList section */
	};
	rootObject = 2DDCFD641F905CC30033D72B /* Project object */;
}
